Microsoft Visual Studio Solution File, Format Version 11.00
# Visual Studio 2008

Project("{94B62C8C-76B4-3A37-820C-02E7B69484E1}") = "Kingdom Defense AR v1.3P", "Assembly-CSharp.csproj", "{87782B41-9486-809B-9510-13F25A8A471C}"
EndProject
Project("{94B62C8C-76B4-3A37-820C-02E7B69484E1}") = "Kingdom Defense AR v1.3P", "Assembly-CSharp-Editor.csproj", "{C8EB7F79-FD08-171C-3B81-BC449388D814}"
EndProject
Project("{94B62C8C-76B4-3A37-820C-02E7B69484E1}") = "Kingdom Defense AR v1.3P", "Assembly-UnityScript-Editor-firstpass.unityproj", "{B6CB3659-98E4-B9D1-4950-1F34D164676B}"
EndProject
Global
	GlobalSection(SolutionConfigurationPlatforms) = preSolution
		Debug|Any CPU = Debug|Any CPU
		Release|Any CPU = Release|Any CPU
	EndGlobalSection
	GlobalSection(ProjectConfigurationPlatforms) = postSolution
		{87782B41-9486-809B-9510-13F25A8A471C}.Debug|Any CPU.ActiveCfg = Debug|Any CPU
		{87782B41-9486-809B-9510-13F25A8A471C}.Debug|Any CPU.Build.0 = Debug|Any CPU
		{87782B41-9486-809B-9510-13F25A8A471C}.Release|Any CPU.ActiveCfg = Release|Any CPU
		{87782B41-9486-809B-9510-13F25A8A471C}.Release|Any CPU.Build.0 = Release|Any CPU
		{C8EB7F79-FD08-171C-3B81-BC449388D814}.Debug|Any CPU.ActiveCfg = Debug|Any CPU
		{C8EB7F79-FD08-171C-3B81-BC449388D814}.Debug|Any CPU.Build.0 = Debug|Any CPU
		{C8EB7F79-FD08-171C-3B81-BC449388D814}.Release|Any CPU.ActiveCfg = Release|Any CPU
		{C8EB7F79-FD08-171C-3B81-BC449388D814}.Release|Any CPU.Build.0 = Release|Any CPU
		{B6CB3659-98E4-B9D1-4950-1F34D164676B}.Debug|Any CPU.ActiveCfg = Debug|Any CPU
		{B6CB3659-98E4-B9D1-4950-1F34D164676B}.Debug|Any CPU.Build.0 = Debug|Any CPU
		{B6CB3659-98E4-B9D1-4950-1F34D164676B}.Release|Any CPU.ActiveCfg = Release|Any CPU
		{B6CB3659-98E4-B9D1-4950-1F34D164676B}.Release|Any CPU.Build.0 = Release|Any CPU
	EndGlobalSection
	GlobalSection(SolutionProperties) = preSolution
		HideSolutionNode = FALSE
	EndGlobalSection
	GlobalSection(MonoDevelopProperties) = preSolution
		StartupItem = Assembly-CSharp.csproj
	EndGlobalSection
EndGlobal
