
Microsoft Visual Studio Solution File, Format Version 12.00
# Visual Studio 2017
Project("{FAE04EC0-301F-11D3-BF4B-00C04F79EFBC}") = "Kingdom Defense AR v2.8", "Kingdom Defense AR v2.8.csproj", "{EED9E283-C408-866A-B26E-A1D17B468DE8}"
EndProject
Project("{FAE04EC0-301F-11D3-BF4B-00C04F79EFBC}") = "Kingdom Defense AR v2.8.Editor", "Kingdom Defense AR v2.8.Editor.csproj", "{96FC1962-8C6C-BCDD-CC7D-927F2B901A9C}"
EndProject
Global
	GlobalSection(SolutionConfigurationPlatforms) = preSolution
		Debug|Any CPU = Debug|Any CPU
		Release|Any CPU = Release|Any CPU
	EndGlobalSection
	GlobalSection(ProjectConfigurationPlatforms) = postSolution
		{EED9E283-C408-866A-B26E-A1D17B468DE8}.Debug|Any CPU.ActiveCfg = Debug|Any CPU
		{EED9E283-C408-866A-B26E-A1D17B468DE8}.Debug|Any CPU.Build.0 = Debug|Any CPU
		{EED9E283-C408-866A-B26E-A1D17B468DE8}.Release|Any CPU.ActiveCfg = Release|Any CPU
		{EED9E283-C408-866A-B26E-A1D17B468DE8}.Release|Any CPU.Build.0 = Release|Any CPU
		{96FC1962-8C6C-BCDD-CC7D-927F2B901A9C}.Debug|Any CPU.ActiveCfg = Debug|Any CPU
		{96FC1962-8C6C-BCDD-CC7D-927F2B901A9C}.Debug|Any CPU.Build.0 = Debug|Any CPU
		{96FC1962-8C6C-BCDD-CC7D-927F2B901A9C}.Release|Any CPU.ActiveCfg = Release|Any CPU
		{96FC1962-8C6C-BCDD-CC7D-927F2B901A9C}.Release|Any CPU.Build.0 = Release|Any CPU
	EndGlobalSection
	GlobalSection(SolutionProperties) = preSolution
		HideSolutionNode = FALSE
	EndGlobalSection
EndGlobal
